
Microsoft Visual Studio Solution File, Format Version 12.00
# Visual Studio Version 16
VisualStudioVersion = 16.0.32228.343
MinimumVisualStudioVersion = 10.0.40219.1
Project("{FAE04EC0-301F-11D3-BF4B-00C04F79EFBC}") = "WpfApp1", "WpfApp1.csproj", "{6036EEDF-25BE-4892-9DFD-87E452B676EF}"
EndProject
Global
	GlobalSection(SolutionConfigurationPlatforms) = preSolution
		Debug|Any CPU = Debug|Any CPU
		Release|Any CPU = Release|Any CPU
	EndGlobalSection
	GlobalSection(ProjectConfigurationPlatforms) = postSolution
		{6036EEDF-25BE-4892-9DFD-87E452B676EF}.Debug|Any CPU.ActiveCfg = Debug|Any CPU
		{6036EEDF-25BE-4892-9DFD-87E452B676EF}.Debug|Any CPU.Build.0 = Debug|Any CPU
		{6036EEDF-25BE-4892-9DFD-87E452B676EF}.Release|Any CPU.ActiveCfg = Release|Any CPU
		{6036EEDF-25BE-4892-9DFD-87E452B676EF}.Release|Any CPU.Build.0 = Release|Any CPU
	EndGlobalSection
	GlobalSection(SolutionProperties) = preSolution
		HideSolutionNode = FALSE
	EndGlobalSection
	GlobalSection(ExtensibilityGlobals) = postSolution
		SolutionGuid = {BEA31E9D-2397-41CB-8243-E302A212E140}
	EndGlobalSection
EndGlobal
